
Microsoft Visual Studio Solution File, Format Version 12.00
# Visual Studio Version 17
VisualStudioVersion = 17.0.31903.59
MinimumVisualStudioVersion = 10.0.40219.1
Project("{2150E333-8FDC-42A3-9474-1A3956D46DE8}") = "src", "src", "{827E0CD3-B72D-47B6-A68D-7590B98EB39B}"
EndProject
Project("{FAE04EC0-301F-11D3-BF4B-00C04F79EFBC}") = "RpgWorld.Api", "src\RpgWorld.Api\RpgWorld.Api.csproj", "{01E19234-7D2C-4B5C-A02A-595A5295049E}"
EndProject
Project("{FAE04EC0-301F-11D3-BF4B-00C04F79EFBC}") = "RpgWorld.Application", "src\RpgWorld.Application\RpgWorld.Application.csproj", "{FE677161-069E-4ECE-A302-A8F5D82F0A57}"
EndProject
Project("{FAE04EC0-301F-11D3-BF4B-00C04F79EFBC}") = "RpgWorld.Domain", "src\RpgWorld.Domain\RpgWorld.Domain.csproj", "{00BDB9A6-6F31-4EEA-9DAE-B6316ED70DD3}"
EndProject
Project("{FAE04EC0-301F-11D3-BF4B-00C04F79EFBC}") = "RpgWorld.Infrastructure", "src\RpgWorld.Infrastructure\RpgWorld.Infrastructure.csproj", "{066E019D-4388-4ED3-BDA7-6BDFE4FC876A}"
EndProject
Project("{FAE04EC0-301F-11D3-BF4B-00C04F79EFBC}") = "RpgWorld.Modules.Abstractions", "src\RpgWorld.Modules.Abstractions\RpgWorld.Modules.Abstractions.csproj", "{45B1E631-C1AE-4011-A7D0-2A66302756EA}"
EndProject
Project("{FAE04EC0-301F-11D3-BF4B-00C04F79EFBC}") = "RpgWorld.Modules.Default", "src\RpgWorld.Modules.Default\RpgWorld.Modules.Default.csproj", "{C0361C03-265B-4D39-B2EB-58498B387BF7}"
EndProject
Project("{FAE04EC0-301F-11D3-BF4B-00C04F79EFBC}") = "RpgWorld.Simulation", "src\RpgWorld.Simulation\RpgWorld.Simulation.csproj", "{FD0B9837-8435-4BAC-9F1E-9BAEF5A8EE6F}"
EndProject
Project("{FAE04EC0-301F-11D3-BF4B-00C04F79EFBC}") = "RpgWorld.Application.Tests", "tests\RpgWorld.Application.Tests\RpgWorld.Application.Tests.csproj", "{0D243F0A-8FC1-45C3-85D1-6D62E5DCCD8E}"
EndProject
Project("{FAE04EC0-301F-11D3-BF4B-00C04F79EFBC}") = "RpgWorld.Domain.Tests", "tests\RpgWorld.Domain.Tests\RpgWorld.Domain.Tests.csproj", "{F607D9FC-8CD9-4B5A-BFD5-D81AA3C1BD50}"
EndProject
Project("{FAE04EC0-301F-11D3-BF4B-00C04F79EFBC}") = "RpgWorld.Simulation.Tests", "tests\RpgWorld.Simulation.Tests\RpgWorld.Simulation.Tests.csproj", "{223BEAEA-51F4-4935-9A11-2A52DF6CF875}"
EndProject
Project("{2150E333-8FDC-42A3-9474-1A3956D46DE8}") = "tests", "tests", "{0AB3BF05-4346-4AA6-1389-037BE0695223}"
EndProject
Project("{FAE04EC0-301F-11D3-BF4B-00C04F79EFBC}") = "RpgWorld.Infrastructure.Tests", "tests\RpgWorld.Infrastructure.Tests\RpgWorld.Infrastructure.Tests.csproj", "{65CCFD51-97D9-4A70-BA5F-CF31EBCDABCE}"
EndProject
Project("{FAE04EC0-301F-11D3-BF4B-00C04F79EFBC}") = "RpgWorld.Api.Tests", "tests\RpgWorld.Api.Tests\RpgWorld.Api.Tests.csproj", "{8310BCD1-982C-4310-BA3F-23736C9452B5}"
EndProject
Global
	GlobalSection(SolutionConfigurationPlatforms) = preSolution
		Debug|Any CPU = Debug|Any CPU
		Debug|x64 = Debug|x64
		Debug|x86 = Debug|x86
		Release|Any CPU = Release|Any CPU
		Release|x64 = Release|x64
		Release|x86 = Release|x86
	EndGlobalSection
	GlobalSection(ProjectConfigurationPlatforms) = postSolution
		{01E19234-7D2C-4B5C-A02A-595A5295049E}.Debug|Any CPU.ActiveCfg = Debug|Any CPU
		{01E19234-7D2C-4B5C-A02A-595A5295049E}.Debug|Any CPU.Build.0 = Debug|Any CPU
		{01E19234-7D2C-4B5C-A02A-595A5295049E}.Debug|x64.ActiveCfg = Debug|Any CPU
		{01E19234-7D2C-4B5C-A02A-595A5295049E}.Debug|x64.Build.0 = Debug|Any CPU
		{01E19234-7D2C-4B5C-A02A-595A5295049E}.Debug|x86.ActiveCfg = Debug|Any CPU
		{01E19234-7D2C-4B5C-A02A-595A5295049E}.Debug|x86.Build.0 = Debug|Any CPU
		{01E19234-7D2C-4B5C-A02A-595A5295049E}.Release|Any CPU.ActiveCfg = Release|Any CPU
		{01E19234-7D2C-4B5C-A02A-595A5295049E}.Release|Any CPU.Build.0 = Release|Any CPU
		{01E19234-7D2C-4B5C-A02A-595A5295049E}.Release|x64.ActiveCfg = Release|Any CPU
		{01E19234-7D2C-4B5C-A02A-595A5295049E}.Release|x64.Build.0 = Release|Any CPU
		{01E19234-7D2C-4B5C-A02A-595A5295049E}.Release|x86.ActiveCfg = Release|Any CPU
		{01E19234-7D2C-4B5C-A02A-595A5295049E}.Release|x86.Build.0 = Release|Any CPU
		{FE677161-069E-4ECE-A302-A8F5D82F0A57}.Debug|Any CPU.ActiveCfg = Debug|Any CPU
		{FE677161-069E-4ECE-A302-A8F5D82F0A57}.Debug|Any CPU.Build.0 = Debug|Any CPU
		{FE677161-069E-4ECE-A302-A8F5D82F0A57}.Debug|x64.ActiveCfg = Debug|Any CPU
		{FE677161-069E-4ECE-A302-A8F5D82F0A57}.Debug|x64.Build.0 = Debug|Any CPU
		{FE677161-069E-4ECE-A302-A8F5D82F0A57}.Debug|x86.ActiveCfg = Debug|Any CPU
		{FE677161-069E-4ECE-A302-A8F5D82F0A57}.Debug|x86.Build.0 = Debug|Any CPU
		{FE677161-069E-4ECE-A302-A8F5D82F0A57}.Release|Any CPU.ActiveCfg = Release|Any CPU
		{FE677161-069E-4ECE-A302-A8F5D82F0A57}.Release|Any CPU.Build.0 = Release|Any CPU
		{FE677161-069E-4ECE-A302-A8F5D82F0A57}.Release|x64.ActiveCfg = Release|Any CPU
		{FE677161-069E-4ECE-A302-A8F5D82F0A57}.Release|x64.Build.0 = Release|Any CPU
		{FE677161-069E-4ECE-A302-A8F5D82F0A57}.Release|x86.ActiveCfg = Release|Any CPU
		{FE677161-069E-4ECE-A302-A8F5D82F0A57}.Release|x86.Build.0 = Release|Any CPU
		{00BDB9A6-6F31-4EEA-9DAE-B6316ED70DD3}.Debug|Any CPU.ActiveCfg = Debug|Any CPU
		{00BDB9A6-6F31-4EEA-9DAE-B6316ED70DD3}.Debug|Any CPU.Build.0 = Debug|Any CPU
		{00BDB9A6-6F31-4EEA-9DAE-B6316ED70DD3}.Debug|x64.ActiveCfg = Debug|Any CPU
		{00BDB9A6-6F31-4EEA-9DAE-B6316ED70DD3}.Debug|x64.Build.0 = Debug|Any CPU
		{00BDB9A6-6F31-4EEA-9DAE-B6316ED70DD3}.Debug|x86.ActiveCfg = Debug|Any CPU
		{00BDB9A6-6F31-4EEA-9DAE-B6316ED70DD3}.Debug|x86.Build.0 = Debug|Any CPU
		{00BDB9A6-6F31-4EEA-9DAE-B6316ED70DD3}.Release|Any CPU.ActiveCfg = Release|Any CPU
		{00BDB9A6-6F31-4EEA-9DAE-B6316ED70DD3}.Release|Any CPU.Build.0 = Release|Any CPU
		{00BDB9A6-6F31-4EEA-9DAE-B6316ED70DD3}.Release|x64.ActiveCfg = Release|Any CPU
		{00BDB9A6-6F31-4EEA-9DAE-B6316ED70DD3}.Release|x64.Build.0 = Release|Any CPU
		{00BDB9A6-6F31-4EEA-9DAE-B6316ED70DD3}.Release|x86.ActiveCfg = Release|Any CPU
		{00BDB9A6-6F31-4EEA-9DAE-B6316ED70DD3}.Release|x86.Build.0 = Release|Any CPU
		{066E019D-4388-4ED3-BDA7-6BDFE4FC876A}.Debug|Any CPU.ActiveCfg = Debug|Any CPU
		{066E019D-4388-4ED3-BDA7-6BDFE4FC876A}.Debug|Any CPU.Build.0 = Debug|Any CPU
		{066E019D-4388-4ED3-BDA7-6BDFE4FC876A}.Debug|x64.ActiveCfg = Debug|Any CPU
		{066E019D-4388-4ED3-BDA7-6BDFE4FC876A}.Debug|x64.Build.0 = Debug|Any CPU
		{066E019D-4388-4ED3-BDA7-6BDFE4FC876A}.Debug|x86.ActiveCfg = Debug|Any CPU
		{066E019D-4388-4ED3-BDA7-6BDFE4FC876A}.Debug|x86.Build.0 = Debug|Any CPU
		{066E019D-4388-4ED3-BDA7-6BDFE4FC876A}.Release|Any CPU.ActiveCfg = Release|Any CPU
		{066E019D-4388-4ED3-BDA7-6BDFE4FC876A}.Release|Any CPU.Build.0 = Release|Any CPU
		{066E019D-4388-4ED3-BDA7-6BDFE4FC876A}.Release|x64.ActiveCfg = Release|Any CPU
		{066E019D-4388-4ED3-BDA7-6BDFE4FC876A}.Release|x64.Build.0 = Release|Any CPU
		{066E019D-4388-4ED3-BDA7-6BDFE4FC876A}.Release|x86.ActiveCfg = Release|Any CPU
		{066E019D-4388-4ED3-BDA7-6BDFE4FC876A}.Release|x86.Build.0 = Release|Any CPU
		{45B1E631-C1AE-4011-A7D0-2A66302756EA}.Debug|Any CPU.ActiveCfg = Debug|Any CPU
		{45B1E631-C1AE-4011-A7D0-2A66302756EA}.Debug|Any CPU.Build.0 = Debug|Any CPU
		{45B1E631-C1AE-4011-A7D0-2A66302756EA}.Debug|x64.ActiveCfg = Debug|Any CPU
		{45B1E631-C1AE-4011-A7D0-2A66302756EA}.Debug|x64.Build.0 = Debug|Any CPU
		{45B1E631-C1AE-4011-A7D0-2A66302756EA}.Debug|x86.ActiveCfg = Debug|Any CPU
		{45B1E631-C1AE-4011-A7D0-2A66302756EA}.Debug|x86.Build.0 = Debug|Any CPU
		{45B1E631-C1AE-4011-A7D0-2A66302756EA}.Release|Any CPU.ActiveCfg = Release|Any CPU
		{45B1E631-C1AE-4011-A7D0-2A66302756EA}.Release|Any CPU.Build.0 = Release|Any CPU
		{45B1E631-C1AE-4011-A7D0-2A66302756EA}.Release|x64.ActiveCfg = Release|Any CPU
		{45B1E631-C1AE-4011-A7D0-2A66302756EA}.Release|x64.Build.0 = Release|Any CPU
		{45B1E631-C1AE-4011-A7D0-2A66302756EA}.Release|x86.ActiveCfg = Release|Any CPU
		{45B1E631-C1AE-4011-A7D0-2A66302756EA}.Release|x86.Build.0 = Release|Any CPU
		{C0361C03-265B-4D39-B2EB-58498B387BF7}.Debug|Any CPU.ActiveCfg = Debug|Any CPU
		{C0361C03-265B-4D39-B2EB-58498B387BF7}.Debug|Any CPU.Build.0 = Debug|Any CPU
		{C0361C03-265B-4D39-B2EB-58498B387BF7}.Debug|x64.ActiveCfg = Debug|Any CPU
		{C0361C03-265B-4D39-B2EB-58498B387BF7}.Debug|x64.Build.0 = Debug|Any CPU
		{C0361C03-265B-4D39-B2EB-58498B387BF7}.Debug|x86.ActiveCfg = Debug|Any CPU
		{C0361C03-265B-4D39-B2EB-58498B387BF7}.Debug|x86.Build.0 = Debug|Any CPU
		{C0361C03-265B-4D39-B2EB-58498B387BF7}.Release|Any CPU.ActiveCfg = Release|Any CPU
		{C0361C03-265B-4D39-B2EB-58498B387BF7}.Release|Any CPU.Build.0 = Release|Any CPU
		{C0361C03-265B-4D39-B2EB-58498B387BF7}.Release|x64.ActiveCfg = Release|Any CPU
		{C0361C03-265B-4D39-B2EB-58498B387BF7}.Release|x64.Build.0 = Release|Any CPU
		{C0361C03-265B-4D39-B2EB-58498B387BF7}.Release|x86.ActiveCfg = Release|Any CPU
		{C0361C03-265B-4D39-B2EB-58498B387BF7}.Release|x86.Build.0 = Release|Any CPU
		{FD0B9837-8435-4BAC-9F1E-9BAEF5A8EE6F}.Debug|Any CPU.ActiveCfg = Debug|Any CPU
		{FD0B9837-8435-4BAC-9F1E-9BAEF5A8EE6F}.Debug|Any CPU.Build.0 = Debug|Any CPU
		{FD0B9837-8435-4BAC-9F1E-9BAEF5A8EE6F}.Debug|x64.ActiveCfg = Debug|Any CPU
		{FD0B9837-8435-4BAC-9F1E-9BAEF5A8EE6F}.Debug|x64.Build.0 = Debug|Any CPU
		{FD0B9837-8435-4BAC-9F1E-9BAEF5A8EE6F}.Debug|x86.ActiveCfg = Debug|Any CPU
		{FD0B9837-8435-4BAC-9F1E-9BAEF5A8EE6F}.Debug|x86.Build.0 = Debug|Any CPU
		{FD0B9837-8435-4BAC-9F1E-9BAEF5A8EE6F}.Release|Any CPU.ActiveCfg = Release|Any CPU
		{FD0B9837-8435-4BAC-9F1E-9BAEF5A8EE6F}.Release|Any CPU.Build.0 = Release|Any CPU
		{FD0B9837-8435-4BAC-9F1E-9BAEF5A8EE6F}.Release|x64.ActiveCfg = Release|Any CPU
		{FD0B9837-8435-4BAC-9F1E-9BAEF5A8EE6F}.Release|x64.Build.0 = Release|Any CPU
		{FD0B9837-8435-4BAC-9F1E-9BAEF5A8EE6F}.Release|x86.ActiveCfg = Release|Any CPU
		{FD0B9837-8435-4BAC-9F1E-9BAEF5A8EE6F}.Release|x86.Build.0 = Release|Any CPU
		{0D243F0A-8FC1-45C3-85D1-6D62E5DCCD8E}.Debug|Any CPU.ActiveCfg = Debug|Any CPU
		{0D243F0A-8FC1-45C3-85D1-6D62E5DCCD8E}.Debug|Any CPU.Build.0 = Debug|Any CPU
		{0D243F0A-8FC1-45C3-85D1-6D62E5DCCD8E}.Debug|x64.ActiveCfg = Debug|Any CPU
		{0D243F0A-8FC1-45C3-85D1-6D62E5DCCD8E}.Debug|x64.Build.0 = Debug|Any CPU
		{0D243F0A-8FC1-45C3-85D1-6D62E5DCCD8E}.Debug|x86.ActiveCfg = Debug|Any CPU
		{0D243F0A-8FC1-45C3-85D1-6D62E5DCCD8E}.Debug|x86.Build.0 = Debug|Any CPU
		{0D243F0A-8FC1-45C3-85D1-6D62E5DCCD8E}.Release|Any CPU.ActiveCfg = Release|Any CPU
		{0D243F0A-8FC1-45C3-85D1-6D62E5DCCD8E}.Release|Any CPU.Build.0 = Release|Any CPU
		{0D243F0A-8FC1-45C3-85D1-6D62E5DCCD8E}.Release|x64.ActiveCfg = Release|Any CPU
		{0D243F0A-8FC1-45C3-85D1-6D62E5DCCD8E}.Release|x64.Build.0 = Release|Any CPU
		{0D243F0A-8FC1-45C3-85D1-6D62E5DCCD8E}.Release|x86.ActiveCfg = Release|Any CPU
		{0D243F0A-8FC1-45C3-85D1-6D62E5DCCD8E}.Release|x86.Build.0 = Release|Any CPU
		{F607D9FC-8CD9-4B5A-BFD5-D81AA3C1BD50}.Debug|Any CPU.ActiveCfg = Debug|Any CPU
		{F607D9FC-8CD9-4B5A-BFD5-D81AA3C1BD50}.Debug|Any CPU.Build.0 = Debug|Any CPU
		{F607D9FC-8CD9-4B5A-BFD5-D81AA3C1BD50}.Debug|x64.ActiveCfg = Debug|Any CPU
		{F607D9FC-8CD9-4B5A-BFD5-D81AA3C1BD50}.Debug|x64.Build.0 = Debug|Any CPU
		{F607D9FC-8CD9-4B5A-BFD5-D81AA3C1BD50}.Debug|x86.ActiveCfg = Debug|Any CPU
		{F607D9FC-8CD9-4B5A-BFD5-D81AA3C1BD50}.Debug|x86.Build.0 = Debug|Any CPU
		{F607D9FC-8CD9-4B5A-BFD5-D81AA3C1BD50}.Release|Any CPU.ActiveCfg = Release|Any CPU
		{F607D9FC-8CD9-4B5A-BFD5-D81AA3C1BD50}.Release|Any CPU.Build.0 = Release|Any CPU
		{F607D9FC-8CD9-4B5A-BFD5-D81AA3C1BD50}.Release|x64.ActiveCfg = Release|Any CPU
		{F607D9FC-8CD9-4B5A-BFD5-D81AA3C1BD50}.Release|x64.Build.0 = Release|Any CPU
		{F607D9FC-8CD9-4B5A-BFD5-D81AA3C1BD50}.Release|x86.ActiveCfg = Release|Any CPU
		{F607D9FC-8CD9-4B5A-BFD5-D81AA3C1BD50}.Release|x86.Build.0 = Release|Any CPU
		{223BEAEA-51F4-4935-9A11-2A52DF6CF875}.Debug|Any CPU.ActiveCfg = Debug|Any CPU
		{223BEAEA-51F4-4935-9A11-2A52DF6CF875}.Debug|Any CPU.Build.0 = Debug|Any CPU
		{223BEAEA-51F4-4935-9A11-2A52DF6CF875}.Debug|x64.ActiveCfg = Debug|Any CPU
		{223BEAEA-51F4-4935-9A11-2A52DF6CF875}.Debug|x64.Build.0 = Debug|Any CPU
		{223BEAEA-51F4-4935-9A11-2A52DF6CF875}.Debug|x86.ActiveCfg = Debug|Any CPU
		{223BEAEA-51F4-4935-9A11-2A52DF6CF875}.Debug|x86.Build.0 = Debug|Any CPU
		{223BEAEA-51F4-4935-9A11-2A52DF6CF875}.Release|Any CPU.ActiveCfg = Release|Any CPU
		{223BEAEA-51F4-4935-9A11-2A52DF6CF875}.Release|Any CPU.Build.0 = Release|Any CPU
		{223BEAEA-51F4-4935-9A11-2A52DF6CF875}.Release|x64.ActiveCfg = Release|Any CPU
		{223BEAEA-51F4-4935-9A11-2A52DF6CF875}.Release|x64.Build.0 = Release|Any CPU
		{223BEAEA-51F4-4935-9A11-2A52DF6CF875}.Release|x86.ActiveCfg = Release|Any CPU
		{223BEAEA-51F4-4935-9A11-2A52DF6CF875}.Release|x86.Build.0 = Release|Any CPU
		{65CCFD51-97D9-4A70-BA5F-CF31EBCDABCE}.Debug|Any CPU.ActiveCfg = Debug|Any CPU
		{65CCFD51-97D9-4A70-BA5F-CF31EBCDABCE}.Debug|Any CPU.Build.0 = Debug|Any CPU
		{65CCFD51-97D9-4A70-BA5F-CF31EBCDABCE}.Debug|x64.ActiveCfg = Debug|Any CPU
		{65CCFD51-97D9-4A70-BA5F-CF31EBCDABCE}.Debug|x64.Build.0 = Debug|Any CPU
		{65CCFD51-97D9-4A70-BA5F-CF31EBCDABCE}.Debug|x86.ActiveCfg = Debug|Any CPU
		{65CCFD51-97D9-4A70-BA5F-CF31EBCDABCE}.Debug|x86.Build.0 = Debug|Any CPU
		{65CCFD51-97D9-4A70-BA5F-CF31EBCDABCE}.Release|Any CPU.ActiveCfg = Release|Any CPU
		{65CCFD51-97D9-4A70-BA5F-CF31EBCDABCE}.Release|Any CPU.Build.0 = Release|Any CPU
		{65CCFD51-97D9-4A70-BA5F-CF31EBCDABCE}.Release|x64.ActiveCfg = Release|Any CPU
		{65CCFD51-97D9-4A70-BA5F-CF31EBCDABCE}.Release|x64.Build.0 = Release|Any CPU
		{65CCFD51-97D9-4A70-BA5F-CF31EBCDABCE}.Release|x86.ActiveCfg = Release|Any CPU
		{65CCFD51-97D9-4A70-BA5F-CF31EBCDABCE}.Release|x86.Build.0 = Release|Any CPU
		{8310BCD1-982C-4310-BA3F-23736C9452B5}.Debug|Any CPU.ActiveCfg = Debug|Any CPU
		{8310BCD1-982C-4310-BA3F-23736C9452B5}.Debug|Any CPU.Build.0 = Debug|Any CPU
		{8310BCD1-982C-4310-BA3F-23736C9452B5}.Debug|x64.ActiveCfg = Debug|Any CPU
		{8310BCD1-982C-4310-BA3F-23736C9452B5}.Debug|x64.Build.0 = Debug|Any CPU
		{8310BCD1-982C-4310-BA3F-23736C9452B5}.Debug|x86.ActiveCfg = Debug|Any CPU
		{8310BCD1-982C-4310-BA3F-23736C9452B5}.Debug|x86.Build.0 = Debug|Any CPU
		{8310BCD1-982C-4310-BA3F-23736C9452B5}.Release|Any CPU.ActiveCfg = Release|Any CPU
		{8310BCD1-982C-4310-BA3F-23736C9452B5}.Release|Any CPU.Build.0 = Release|Any CPU
		{8310BCD1-982C-4310-BA3F-23736C9452B5}.Release|x64.ActiveCfg = Release|Any CPU
		{8310BCD1-982C-4310-BA3F-23736C9452B5}.Release|x64.Build.0 = Release|Any CPU
		{8310BCD1-982C-4310-BA3F-23736C9452B5}.Release|x86.ActiveCfg = Release|Any CPU
		{8310BCD1-982C-4310-BA3F-23736C9452B5}.Release|x86.Build.0 = Release|Any CPU
	EndGlobalSection
	GlobalSection(SolutionProperties) = preSolution
		HideSolutionNode = FALSE
	EndGlobalSection
	GlobalSection(NestedProjects) = preSolution
		{01E19234-7D2C-4B5C-A02A-595A5295049E} = {827E0CD3-B72D-47B6-A68D-7590B98EB39B}
		{FE677161-069E-4ECE-A302-A8F5D82F0A57} = {827E0CD3-B72D-47B6-A68D-7590B98EB39B}
		{00BDB9A6-6F31-4EEA-9DAE-B6316ED70DD3} = {827E0CD3-B72D-47B6-A68D-7590B98EB39B}
		{066E019D-4388-4ED3-BDA7-6BDFE4FC876A} = {827E0CD3-B72D-47B6-A68D-7590B98EB39B}
		{45B1E631-C1AE-4011-A7D0-2A66302756EA} = {827E0CD3-B72D-47B6-A68D-7590B98EB39B}
		{C0361C03-265B-4D39-B2EB-58498B387BF7} = {827E0CD3-B72D-47B6-A68D-7590B98EB39B}
		{FD0B9837-8435-4BAC-9F1E-9BAEF5A8EE6F} = {827E0CD3-B72D-47B6-A68D-7590B98EB39B}
		{0D243F0A-8FC1-45C3-85D1-6D62E5DCCD8E} = {827E0CD3-B72D-47B6-A68D-7590B98EB39B}
		{F607D9FC-8CD9-4B5A-BFD5-D81AA3C1BD50} = {827E0CD3-B72D-47B6-A68D-7590B98EB39B}
		{223BEAEA-51F4-4935-9A11-2A52DF6CF875} = {827E0CD3-B72D-47B6-A68D-7590B98EB39B}
		{65CCFD51-97D9-4A70-BA5F-CF31EBCDABCE} = {0AB3BF05-4346-4AA6-1389-037BE0695223}
		{8310BCD1-982C-4310-BA3F-23736C9452B5} = {0AB3BF05-4346-4AA6-1389-037BE0695223}
	EndGlobalSection
EndGlobal
